<Solution>
  <Folder Name="/examples/">
    <Project Path="examples/Examples.NUnit3/Examples.NUnit3.csproj" />
    <Project Path="examples/Examples.xUnit/Examples.xUnit.csproj" />
  </Folder>
  <Folder Name="/solution items/">
    <File Path="README.md" />
  </Folder>
  <Folder Name="/src/">
    <File Path="src\TheMakarik.Testing.FileSystem\bin\Release\TheMakarik.Testing.FileSystem.2026.0.0.nupkg" />
    <File Path="StringCounter.ps1" />
    <Project Path="src/TheMakarik.Testing.FileSystem/TheMakarik.Testing.FileSystem.csproj" />
  </Folder>
  <Folder Name="/tests/">
    <Project Path="tests/TheMakarik.Testing.FileSystem.Tests/TheMakarik.Testing.FileSystem.Tests.csproj" />
  </Folder>
</Solution>
