<Solution>
  <Folder Name="/examples/">
    <Project Path="examples/Examples.NUnit3/Examples.NUnit3.csproj" />
    <Project Path="examples/Examples.xUnit/Examples.xUnit.csproj" />
  </Folder>
  <Folder Name="/src/">
    <Project Path="src/TheMakarik.Testing.FileSystem.ChangeTracker/TheMakarik.Testing.FileSystem.ChangeTracker.csproj" />
    <Project Path="src/TheMakarik.Testing.FileSystem/TheMakarik.Testing.FileSystem.csproj" />
  </Folder>
  <Folder Name="/tests/">
    <Project Path="tests/TheMakarik.Testing.FileSystem.Tests/TheMakarik.Testing.FileSystem.Tests.csproj" />
  </Folder>
</Solution>
